Microsoft Visual Studio Solution File, Format Version 12.00
# Visual Studio Version 17
VisualStudioVersion = 17.0.31903.59
MinimumVisualStudioVersion = 10.0.40219.1
Project("{FAE04EC0-301F-11D3-BF4B-00C04F79EFBC}") = "SniffleReport.Api", "SniffleReport.Api/SniffleReport.Api.csproj", "{9A52247E-2E3D-489C-B9D8-923C77223C46}"
EndProject
Project("{FAE04EC0-301F-11D3-BF4B-00C04F79EFBC}") = "SniffleReport.Api.Tests", "../../tests/backend/SniffleReport.Api.Tests/SniffleReport.Api.Tests.csproj", "{FE1E2D68-A984-48C0-B525-B0EDBA8716D5}"
EndProject
Global
	GlobalSection(SolutionConfigurationPlatforms) = preSolution
		Debug|Any CPU = Debug|Any CPU
		Release|Any CPU = Release|Any CPU
	EndGlobalSection
	GlobalSection(ProjectConfigurationPlatforms) = postSolution
		{9A52247E-2E3D-489C-B9D8-923C77223C46}.Debug|Any CPU.ActiveCfg = Debug|Any CPU
		{9A52247E-2E3D-489C-B9D8-923C77223C46}.Debug|Any CPU.Build.0 = Debug|Any CPU
		{9A52247E-2E3D-489C-B9D8-923C77223C46}.Release|Any CPU.ActiveCfg = Release|Any CPU
		{9A52247E-2E3D-489C-B9D8-923C77223C46}.Release|Any CPU.Build.0 = Release|Any CPU
		{FE1E2D68-A984-48C0-B525-B0EDBA8716D5}.Debug|Any CPU.ActiveCfg = Debug|Any CPU
		{FE1E2D68-A984-48C0-B525-B0EDBA8716D5}.Debug|Any CPU.Build.0 = Debug|Any CPU
		{FE1E2D68-A984-48C0-B525-B0EDBA8716D5}.Release|Any CPU.ActiveCfg = Release|Any CPU
		{FE1E2D68-A984-48C0-B525-B0EDBA8716D5}.Release|Any CPU.Build.0 = Release|Any CPU
	EndGlobalSection
	GlobalSection(SolutionProperties) = preSolution
		HideSolutionNode = FALSE
	EndGlobalSection
EndGlobal
